version = 1
revision = 3
requires-python = ">=3.12"

[[package]]
name = "annotated-doc"
version = "0.0.4"
source = { registry = "https://pypi.org/simple" }
sdist = { url = "https://files.pythonhosted.org/packages/57/ba/046ceea27344560984e26a590f90bc7f4a75b06701f653222458922b558c/annotated_doc-0.0.4.tar.gz", hash = "sha256:fbcda96e87e9c92ad167c2e53839e57503ecfda18804ea28102353485033faa4", size = 7288, upload-time = "2025-11-10T22:07:42.062Z" }
wheels = [
    { url = "https://files.pythonhosted.org/packages/1e/d3/26bf1008eb3d2daa8ef4cacc7f3bfdc11818d111f7e2d0201bc6e3b49d45/annotated_doc-0.0.4-py3-none-any.whl", hash = "sha256:571ac1dc6991c450b25a9c2d84a3705e2ae7a53467b5d111c24fa8baabbed320", size = 5303, upload-time = "2025-11-10T22:07:40.673Z" },
]

[[package]]
name = "anyio"
version = "4.12.0"
source = { registry = "https://pypi.org/simple" }
dependencies = [
    { name = "idna" },
    { name = "typing-extensions", marker = "python_full_version < '3.13'" },
]
sdist = { url = "https://files.pythonhosted.org/packages/16/ce/8a777047513153587e5434fd752e89334ac33e379aa3497db860eeb60377/anyio-4.12.0.tar.gz", hash = "sha256:73c693b567b0c55130c104d0b43a9baf3aa6a31fc6110116509f27bf75e21ec0", size = 228266, upload-time = "2025-11-28T23:37:38.911Z" }
wheels = [
    { url = "https://files.pythonhosted.org/packages/7f/9c/36c5c37947ebfb8c7f22e0eb6e4d188ee2d53aa3880f3f2744fb894f0cb1/anyio-4.12.0-py3-none-any.whl", hash = "sha256:dad2376a628f98eeca4881fc56cd06affd18f659b17a747d3ff0307ced94b1bb", size = 113362, upload-time = "2025-11-28T23:36:57.897Z" },
]

[[package]]
name = "certifi"
version = "2025.10.5"
source = { registry = "https://pypi.org/simple" }
sdist = { url = "https://files.pythonhosted.org/packages/4c/5b/b6ce21586237c77ce67d01dc5507039d444b630dd76611bbca2d8e5dcd91/certifi-2025.10.5.tar.gz", hash = "sha256:47c09d31ccf2acf0be3f701ea53595ee7e0b8fa08801c6624be771df09ae7b43", size = 164519, upload-time = "2025-10-05T04:12:15.808Z" }
wheels = [
    { url = "https://files.pythonhosted.org/packages/e4/37/af0d2ef3967ac0d6113837b44a4f0bfe1328c2b9763bd5b1744520e5cfed/certifi-2025.10.5-py3-none-any.whl", hash = "sha256:0f212c2744a9bb6de0c56639a6f68afe01ecd92d91f14ae897c4fe7bbeeef0de", size = 163286, upload-time = "2025-10-05T04:12:14.03Z" },
]

[[package]]
name = "colorama"
version = "0.4.6"
source = { registry = "https://pypi.org/simple" }
sdist = { url = "https://files.pythonhosted.org/packages/d8/53/6f443c9a4a8358a93a6792e2acffb9d9d5cb0a5cfd8802644b7b1c9a02e4/colorama-0.4.6.tar.gz", hash = "sha256:08695f5cb7ed6e0531a20572697297273c47b8cae5a63ffc6d6ed5c201be6e44", size = 27697, upload-time = "2022-10-25T02:36:22.414Z" }
wheels = [
    { url = "https://files.pythonhosted.org/packages/d1/d6/3965ed04c63042e047cb6a3e6ed1a63a35087b6a609aa3a15ed8ac56c221/colorama-0.4.6-py2.py3-none-any.whl", hash = "sha256:4f1d9991f5acc0ca119f9d443620b77f9d6b33703e51011c16baf57afb285fc6", size = 25335, upload-time = "2022-10-25T02:36:20.889Z" },
]

[[package]]
name = "h11"
version = "0.16.0"
source = { registry = "https://pypi.org/simple" }
sdist = { url = "https://files.pythonhosted.org/packages/01/ee/02a2c011bdab74c6fb3c75474d40b3052059d95df7e73351460c8588d963/h11-0.16.0.tar.gz", hash = "sha256:4e35b956cf45792e4caa5885e69fba00bdbc6ffafbfa020300e549b208ee5ff1", size = 101250, upload-time = "2025-04-24T03:35:25.427Z" }
wheels = [
    { url = "https://files.pythonhosted.org/packages/04/4b/29cac41a4d98d144bf5f6d33995617b185d14b22401f75ca86f384e87ff1/h11-0.16.0-py3-none-any.whl", hash = "sha256:63cf8bbe7522de3bf65932fda1d9c2772064ffb3dae62d55932da54b31cb6c86", size = 37515, upload-time = "2025-04-24T03:35:24.344Z" },
]

[[package]]
name = "httpcore"
version = "1.0.9"
source = { registry = "https://pypi.org/simple" }
dependencies = [
    { name = "certifi" },
    { name = "h11" },
]
sdist = { url = "https://files.pythonhosted.org/packages/06/94/82699a10bca87a5556c9c59b5963f2d039dbd239f25bc2a63907a05a14cb/httpcore-1.0.9.tar.gz", hash = "sha256:6e34463af53fd2ab5d807f399a9b45ea31c3dfa2276f15a2c3f00afff6e176e8", size = 85484, upload-time = "2025-04-24T22:06:22.219Z" }
wheels = [
    { url = "https://files.pythonhosted.org/packages/7e/f5/f66802a942d491edb555dd61e3a9961140fd64c90bce1eafd741609d334d/httpcore-1.0.9-py3-none-any.whl", hash = "sha256:2d400746a40668fc9dec9810239072b40b4484b640a8c38fd654a024c7a1bf55", size = 78784, upload-time = "2025-04-24T22:06:20.566Z" },
]

[[package]]
name = "httpx"
version = "0.28.1"
source = { registry = "https://pypi.org/simple" }
dependencies = [
    { name = "anyio" },
    { name = "certifi" },
    { name = "httpcore" },
    { name = "idna" },
]
sdist = { url = "https://files.pythonhosted.org/packages/b1/df/48c586a5fe32a0f01324ee087459e112ebb7224f646c0b5023f5e79e9956/httpx-0.28.1.tar.gz", hash = "sha256:75e98c5f16b0f35b567856f597f06ff2270a374470a5c2392242528e3e3e42fc", size = 141406, upload-time = "2024-12-06T15:37:23.222Z" }
wheels = [
    { url = "https://files.pythonhosted.org/packages/2a/39/e50c7c3a983047577ee07d2a9e53faf5a69493943ec3f6a384bdc792deb2/httpx-0.28.1-py3-none-any.whl", hash = "sha256:d909fcccc110f8c7faf814ca82a9a4d816bc5a6dbfea25d6591d6985b8ba59ad", size = 73517, upload-time = "2024-12-06T15:37:21.509Z" },
]

[[package]]
name = "idna"
version = "3.11"
source = { registry = "https://pypi.org/simple" }
sdist = { url = "https://files.pythonhosted.org/packages/6f/6d/0703ccc57f3a7233505399edb88de3cbd678da106337b9fcde432b65ed60/idna-3.11.tar.gz", hash = "sha256:795dafcc9c04ed0c1fb032c2aa73654d8e8c5023a7df64a53f39190ada629902", size = 194582, upload-time = "2025-10-12T14:55:20.501Z" }
wheels = [
    { url = "https://files.pythonhosted.org/packages/0e/61/66938bbb5fc52dbdf84594873d5b51fb1f7c7794e9c0f5bd885f30bc507b/idna-3.11-py3-none-any.whl", hash = "sha256:771a87f49d9defaf64091e6e6fe9c18d4833f140bd19464795bc32d966ca37ea", size = 71008, upload-time = "2025-10-12T14:55:18.883Z" },
]

[[package]]
name = "iniconfig"
version = "2.3.0"
source = { registry = "https://pypi.org/simple" }
sdist = { url = "https://files.pythonhosted.org/packages/72/34/14ca021ce8e5dfedc35312d08ba8bf51fdd999c576889fc2c24cb97f4f10/iniconfig-2.3.0.tar.gz", hash = "sha256:c76315c77db068650d49c5b56314774a7804df16fee4402c1f19d6d15d8c4730", size = 20503, upload-time = "2025-10-18T21:55:43.219Z" }
wheels = [
    { url = "https://files.pythonhosted.org/packages/cb/b1/3846dd7f199d53cb17f49cba7e651e9ce294d8497c8c150530ed11865bb8/iniconfig-2.3.0-py3-none-any.whl", hash = "sha256:f631c04d2c48c52b84d0d0549c99ff3859c98df65b3101406327ecc7d53fbf12", size = 7484, upload-time = "2025-10-18T21:55:41.639Z" },
]

[[package]]
name = "ips-pilot"
version = "0.1.0"
source = { editable = "." }
dependencies = [
    { name = "httpx" },
    { name = "typer" },
]

[package.dev-dependencies]
dev = [
    { name = "pytest" },
    { name = "ruff" },
]

[package.metadata]
requires-dist = [
    { name = "httpx", specifier = ">=0.28.0" },
    { name = "typer", specifier = ">=0.12.0" },
]

[package.metadata.requires-dev]
dev = [
    { name = "pytest", specifier = ">=8.0.0" },
    { name = "ruff", specifier = ">=0.14.2" },
]

[[package]]
name = "markdown-it-py"
version = "4.2.0"
source = { registry = "https://pypi.org/simple" }
dependencies = [
    { name = "mdurl" },
]
sdist = { url = "https://files.pythonhosted.org/packages/06/ff/7841249c247aa650a76b9ee4bbaeae59370dc8bfd2f6c01f3630c35eb134/markdown_it_py-4.2.0.tar.gz", hash = "sha256:04a21681d6fbb623de53f6f364d352309d4094dd4194040a10fd51833e418d49", size = 82454, upload-time = "2026-05-07T12:08:28.36Z" }
wheels = [
    { url = "https://files.pythonhosted.org/packages/b3/81/4da04ced5a082363ecfa159c010d200ecbd959ae410c10c0264a38cac0f5/markdown_it_py-4.2.0-py3-none-any.whl", hash = "sha256:9f7ebbcd14fe59494226453aed97c1070d83f8d24b6fc3a3bcf9a38092641c4a", size = 91687, upload-time = "2026-05-07T12:08:27.182Z" },
]

[[package]]
name = "mdurl"
version = "0.1.2"
source = { registry = "https://pypi.org/simple" }
sdist = { url = "https://files.pythonhosted.org/packages/d6/54/cfe61301667036ec958cb99bd3efefba235e65cdeb9c84d24a8293ba1d90/mdurl-0.1.2.tar.gz", hash = "sha256:bb413d29f5eea38f31dd4754dd7377d4465116fb207585f97bf925588687c1ba", size = 8729, upload-time = "2022-08-14T12:40:10.846Z" }
wheels = [
    { url = "https://files.pythonhosted.org/packages/b3/38/89ba8ad64ae25be8de66a6d463314cf1eb366222074cfda9ee839c56a4b4/mdurl-0.1.2-py3-none-any.whl", hash = "sha256:84008a41e51615a49fc9966191ff91509e3c40b939176e643fd50a5c2196b8f8", size = 9979, upload-time = "2022-08-14T12:40:09.779Z" },
]

[[package]]
name = "packaging"
version = "25.0"
source = { registry = "https://pypi.org/simple" }
sdist = { url = "https://files.pythonhosted.org/packages/a1/d4/1fc4078c65507b51b96ca8f8c3ba19e6a61c8253c72794544580a7b6c24d/packaging-25.0.tar.gz", hash = "sha256:d443872c98d677bf60f6a1f2f8c1cb748e8fe762d2bf9d3148b5599295b0fc4f", size = 165727, upload-time = "2025-04-19T11:48:59.673Z" }
wheels = [
    { url = "https://files.pythonhosted.org/packages/20/12/38679034af332785aac8774540895e234f4d07f7545804097de4b666afd8/packaging-25.0-py3-none-any.whl", hash = "sha256:29572ef2b1f17581046b3a2227d5c611fb25ec70ca1ba8554b24b0e69331a484", size = 66469, upload-time = "2025-04-19T11:48:57.875Z" },
]

[[package]]
name = "pluggy"
version = "1.6.0"
source = { registry = "https://pypi.org/simple" }
sdist = { url = "https://files.pythonhosted.org/packages/f9/e2/3e91f31a7d2b083fe6ef3fa267035b518369d9511ffab804f839851d2779/pluggy-1.6.0.tar.gz", hash = "sha256:7dcc130b76258d33b90f61b658791dede3486c3e6bfb003ee5c9bfb396dd22f3", size = 69412, upload-time = "2025-05-15T12:30:07.975Z" }
wheels = [
    { url = "https://files.pythonhosted.org/packages/54/20/4d324d65cc6d9205fabedc306948156824eb9f0ee1633355a8f7ec5c66bf/pluggy-1.6.0-py3-none-any.whl", hash = "sha256:e920276dd6813095e9377c0bc5566d94c932c33b27a3e3945d8389c374dd4746", size = 20538, upload-time = "2025-05-15T12:30:06.134Z" },
]

[[package]]
name = "pygments"
version = "2.19.2"
source = { registry = "https://pypi.org/simple" }
sdist = { url = "https://files.pythonhosted.org/packages/b0/77/a5b8c569bf593b0140bde72ea885a803b82086995367bf2037de0159d924/pygments-2.19.2.tar.gz", hash = "sha256:636cb2477cec7f8952536970bc533bc43743542f70392ae026374600add5b887", size = 4968631, upload-time = "2025-06-21T13:39:12.283Z" }
wheels = [
    { url = "https://files.pythonhosted.org/packages/c7/21/705964c7812476f378728bdf590ca4b771ec72385c533964653c68e86bdc/pygments-2.19.2-py3-none-any.whl", hash = "sha256:86540386c03d588bb81d44bc3928634ff26449851e99741617ecb9037ee5ec0b", size = 1225217, upload-time = "2025-06-21T13:39:07.939Z" },
]

[[package]]
name = "pytest"
version = "9.0.3"
source = { registry = "https://pypi.org/simple" }
dependencies = [
    { name = "colorama", marker = "sys_platform == 'win32'" },
    { name = "iniconfig" },
    { name = "packaging" },
    { name = "pluggy" },
    { name = "pygments" },
]
sdist = { url = "https://files.pythonhosted.org/packages/7d/0d/549bd94f1a0a402dc8cf64563a117c0f3765662e2e668477624baeec44d5/pytest-9.0.3.tar.gz", hash = "sha256:b86ada508af81d19edeb213c681b1d48246c1a91d304c6c81a427674c17eb91c", size = 1572165, upload-time = "2026-04-07T17:16:18.027Z" }
wheels = [
    { url = "https://files.pythonhosted.org/packages/d4/24/a372aaf5c9b7208e7112038812994107bc65a84cd00e0354a88c2c77a617/pytest-9.0.3-py3-none-any.whl", hash = "sha256:2c5efc453d45394fdd706ade797c0a81091eccd1d6e4bccfcd476e2b8e0ab5d9", size = 375249, upload-time = "2026-04-07T17:16:16.13Z" },
]

[[package]]
name = "rich"
version = "15.0.0"
source = { registry = "https://pypi.org/simple" }
dependencies = [
    { name = "markdown-it-py" },
    { name = "pygments" },
]
sdist = { url = "https://files.pythonhosted.org/packages/c0/8f/0722ca900cc807c13a6a0c696dacf35430f72e0ec571c4275d2371fca3e9/rich-15.0.0.tar.gz", hash = "sha256:edd07a4824c6b40189fb7ac9bc4c52536e9780fbbfbddf6f1e2502c31b068c36", size = 230680, upload-time = "2026-04-12T08:24:00.75Z" }
wheels = [
    { url = "https://files.pythonhosted.org/packages/82/3b/64d4899d73f91ba49a8c18a8ff3f0ea8f1c1d75481760df8c68ef5235bf5/rich-15.0.0-py3-none-any.whl", hash = "sha256:33bd4ef74232fb73fe9279a257718407f169c09b78a87ad3d296f548e27de0bb", size = 310654, upload-time = "2026-04-12T08:24:02.83Z" },
]

[[package]]
name = "ruff"
version = "0.14.2"
source = { registry = "https://pypi.org/simple" }
sdist = { url = "https://files.pythonhosted.org/packages/ee/34/8218a19b2055b80601e8fd201ec723c74c7fe1ca06d525a43ed07b6d8e85/ruff-0.14.2.tar.gz", hash = "sha256:98da787668f239313d9c902ca7c523fe11b8ec3f39345553a51b25abc4629c96", size = 5539663, upload-time = "2025-10-23T19:37:00.956Z" }
wheels = [
    { url = "https://files.pythonhosted.org/packages/16/dd/23eb2db5ad9acae7c845700493b72d3ae214dce0b226f27df89216110f2b/ruff-0.14.2-py3-none-linux_armv6l.whl", hash = "sha256:7cbe4e593505bdec5884c2d0a4d791a90301bc23e49a6b1eb642dd85ef9c64f1", size = 12533390, upload-time = "2025-10-23T19:36:18.044Z" },
    { url = "https://files.pythonhosted.org/packages/5a/8c/5f9acff43ddcf3f85130d0146d0477e28ccecc495f9f684f8f7119b74c0d/ruff-0.14.2-py3-none-macosx_10_12_x86_64.whl", hash = "sha256:8d54b561729cee92f8d89c316ad7a3f9705533f5903b042399b6ae0ddfc62e11", size = 12887187, upload-time = "2025-10-23T19:36:22.664Z" },
    { url = "https://files.pythonhosted.org/packages/99/fa/047646491479074029665022e9f3dc6f0515797f40a4b6014ea8474c539d/ruff-0.14.2-py3-none-macosx_11_0_arm64.whl", hash = "sha256:5c8753dfa44ebb2cde10ce5b4d2ef55a41fb9d9b16732a2c5df64620dbda44a3", size = 11925177, upload-time = "2025-10-23T19:36:24.778Z" },
    { url = "https://files.pythonhosted.org/packages/15/8b/c44cf7fe6e59ab24a9d939493a11030b503bdc2a16622cede8b7b1df0114/ruff-0.14.2-py3-none-manylinux_2_17_aarch64.manylinux2014_aarch64.whl", hash = "sha256:3d0bbeffb8d9f4fccf7b5198d566d0bad99a9cb622f1fc3467af96cb8773c9e3", size = 12358285, upload-time = "2025-10-23T19:36:26.979Z" },
    { url = "https://files.pythonhosted.org/packages/45/01/47701b26254267ef40369aea3acb62a7b23e921c27372d127e0f3af48092/ruff-0.14.2-py3-none-manylinux_2_17_armv7l.manylinux2014_armv7l.whl", hash = "sha256:7047f0c5a713a401e43a88d36843d9c83a19c584e63d664474675620aaa634a8", size = 12303832, upload-time = "2025-10-23T19:36:29.192Z" },
    { url = "https://files.pythonhosted.org/packages/2d/5c/ae7244ca4fbdf2bee9d6405dcd5bc6ae51ee1df66eb7a9884b77b8af856d/ruff-0.14.2-py3-none-manylinux_2_17_i686.manylinux2014_i686.whl", hash = "sha256:3bf8d2f9aa1602599217d82e8e0af7fd33e5878c4d98f37906b7c93f46f9a839", size = 13036995, upload-time = "2025-10-23T19:36:31.861Z" },
    { url = "https://files.pythonhosted.org/packages/27/4c/0860a79ce6fd4c709ac01173f76f929d53f59748d0dcdd662519835dae43/ruff-0.14.2-py3-none-manylinux_2_17_ppc64.manylinux2014_ppc64.whl", hash = "sha256:1c505b389e19c57a317cf4b42db824e2fca96ffb3d86766c1c9f8b96d32048a7", size = 14512649, upload-time = "2025-10-23T19:36:33.915Z" },
    { url = "https://files.pythonhosted.org/packages/7f/7f/d365de998069720a3abfc250ddd876fc4b81a403a766c74ff9bde15b5378/ruff-0.14.2-py3-none-manylinux_2_17_ppc64le.manylinux2014_ppc64le.whl", hash = "sha256:a307fc45ebd887b3f26b36d9326bb70bf69b01561950cdcc6c0bdf7bb8e0f7cc", size = 14088182, upload-time = "2025-10-23T19:36:36.983Z" },
    { url = "https://files.pythonhosted.org/packages/6c/ea/d8e3e6b209162000a7be1faa41b0a0c16a133010311edc3329753cc6596a/ruff-0.14.2-py3-none-manylinux_2_17_s390x.manylinux2014_s390x.whl", hash = "sha256:61ae91a32c853172f832c2f40bd05fd69f491db7289fb85a9b941ebdd549781a", size = 13599516, upload-time = "2025-10-23T19:36:39.208Z" },
    { url = "https://files.pythonhosted.org/packages/fa/ea/c7810322086db68989fb20a8d5221dd3b79e49e396b01badca07b433ab45/ruff-0.14.2-py3-none-manylinux_2_17_x86_64.manylinux2014_x86_64.whl", hash = "sha256:bc1967e40286f63ee23c615e8e7e98098dedc7301568bd88991f6e544d8ae096", size = 13272690, upload-time = "2025-10-23T19:36:41.453Z" },
    { url = "https://files.pythonhosted.org/packages/a9/39/10b05acf8c45786ef501d454e00937e1b97964f846bf28883d1f9619928a/ruff-0.14.2-py3-none-manylinux_2_31_riscv64.whl", hash = "sha256:2877f02119cdebf52a632d743a2e302dea422bfae152ebe2f193d3285a3a65df", size = 13496497, upload-time = "2025-10-23T19:36:43.61Z" },
    { url = "https://files.pythonhosted.org/packages/59/a1/1f25f8301e13751c30895092485fada29076e5e14264bdacc37202e85d24/ruff-0.14.2-py3-none-musllinux_1_2_aarch64.whl", hash = "sha256:e681c5bc777de5af898decdcb6ba3321d0d466f4cb43c3e7cc2c3b4e7b843a05", size = 12266116, upload-time = "2025-10-23T19:36:45.625Z" },
    { url = "https://files.pythonhosted.org/packages/5c/fa/0029bfc9ce16ae78164e6923ef392e5f173b793b26cc39aa1d8b366cf9dc/ruff-0.14.2-py3-none-musllinux_1_2_armv7l.whl", hash = "sha256:e21be42d72e224736f0c992cdb9959a2fa53c7e943b97ef5d081e13170e3ffc5", size = 12281345, upload-time = "2025-10-23T19:36:47.618Z" },
    { url = "https://files.pythonhosted.org/packages/a5/ab/ece7baa3c0f29b7683be868c024f0838770c16607bea6852e46b202f1ff6/ruff-0.14.2-py3-none-musllinux_1_2_i686.whl", hash = "sha256:b8264016f6f209fac16262882dbebf3f8be1629777cf0f37e7aff071b3e9b92e", size = 12629296, upload-time = "2025-10-23T19:36:49.789Z" },
    { url = "https://files.pythonhosted.org/packages/a4/7f/638f54b43f3d4e48c6a68062794e5b367ddac778051806b9e235dfb7aa81/ruff-0.14.2-py3-none-musllinux_1_2_x86_64.whl", hash = "sha256:5ca36b4cb4db3067a3b24444463ceea5565ea78b95fe9a07ca7cb7fd16948770", size = 13371610, upload-time = "2025-10-23T19:36:51.882Z" },
    { url = "https://files.pythonhosted.org/packages/8d/35/3654a973ebe5b32e1fd4a08ed2d46755af7267da7ac710d97420d7b8657d/ruff-0.14.2-py3-none-win32.whl", hash = "sha256:41775927d287685e08f48d8eb3f765625ab0b7042cc9377e20e64f4eb0056ee9", size = 12415318, upload-time = "2025-10-23T19:36:53.961Z" },
    { url = "https://files.pythonhosted.org/packages/71/30/3758bcf9e0b6a4193a6f51abf84254aba00887dfa8c20aba18aa366c5f57/ruff-0.14.2-py3-none-win_amd64.whl", hash = "sha256:0df3424aa5c3c08b34ed8ce099df1021e3adaca6e90229273496b839e5a7e1af", size = 13565279, upload-time = "2025-10-23T19:36:56.578Z" },
    { url = "https://files.pythonhosted.org/packages/2e/5d/aa883766f8ef9ffbe6aa24f7192fb71632f31a30e77eb39aa2b0dc4290ac/ruff-0.14.2-py3-none-win_arm64.whl", hash = "sha256:ea9d635e83ba21569fbacda7e78afbfeb94911c9434aff06192d9bc23fd5495a", size = 12554956, upload-time = "2025-10-23T19:36:58.714Z" },
]

[[package]]
name = "shellingham"
version = "1.5.4"
source = { registry = "https://pypi.org/simple" }
sdist = { url = "https://files.pythonhosted.org/packages/58/15/8b3609fd3830ef7b27b655beb4b4e9c62313a4e8da8c676e142cc210d58e/shellingham-1.5.4.tar.gz", hash = "sha256:8dbca0739d487e5bd35ab3ca4b36e11c4078f3a234bfce294b0a0291363404de", size = 10310, upload-time = "2023-10-24T04:13:40.426Z" }
wheels = [
    { url = "https://files.pythonhosted.org/packages/e0/f9/0595336914c5619e5f28a1fb793285925a8cd4b432c9da0a987836c7f822/shellingham-1.5.4-py2.py3-none-any.whl", hash = "sha256:7ecfff8f2fd72616f7481040475a65b2bf8af90a56c89140852d1120324e8686", size = 9755, upload-time = "2023-10-24T04:13:38.866Z" },
]

[[package]]
name = "typer"
version = "0.26.7"
source = { registry = "https://pypi.org/simple" }
dependencies = [
    { name = "annotated-doc" },
    { name = "colorama", marker = "sys_platform == 'win32'" },
    { name = "rich" },
    { name = "shellingham" },
]
sdist = { url = "https://files.pythonhosted.org/packages/5e/ed/ef06584ccdd5c410df0837951ecd7e15d9a6144ea1bd4c73cecab1a89891/typer-0.26.7.tar.gz", hash = "sha256:e314a34c617e419c091b2830dda3ea1f257134ff593061a8f5b9717ab8dddb3a", size = 201709, upload-time = "2026-06-03T07:18:06.843Z" }
wheels = [
    { url = "https://files.pythonhosted.org/packages/24/25/2201973529af2c954de0bb725323c3aaed6d7f0ceee8f550dec9185df013/typer-0.26.7-py3-none-any.whl", hash = "sha256:5c87cfbc5d34491c5346ebf49c23e18d56ccb863268d3a8d592b26087c2f5e58", size = 122456, upload-time = "2026-06-03T07:18:05.732Z" },
]

[[package]]
name = "typing-extensions"
version = "4.15.0"
source = { registry = "https://pypi.org/simple" }
sdist = { url = "https://files.pythonhosted.org/packages/72/94/1a15dd82efb362ac84269196e94cf00f187f7ed21c242792a923cdb1c61f/typing_extensions-4.15.0.tar.gz", hash = "sha256:0cea48d173cc12fa28ecabc3b837ea3cf6f38c6d1136f85cbaaf598984861466", size = 109391, upload-time = "2025-08-25T13:49:26.313Z" }
wheels = [
    { url = "https://files.pythonhosted.org/packages/18/67/36e9267722cc04a6b9f15c7f3441c2363321a3ea07da7ae0c0707beb2a9c/typing_extensions-4.15.0-py3-none-any.whl", hash = "sha256:f0fa19c6845758ab08074a0cfa8b7aecb71c999ca73d62883bc25cc018c4e548", size = 44614, upload-time = "2025-08-25T13:49:24.86Z" },
]
